{
  "R": {
    "Version": "4.5.2",
    "Repositories": [
      {
        "Name": "CRAN",
        "URL": "https://cloud.r-project.org"
      }
    ]
  },
  "Packages": {
    "MASS": {
      "Package": "MASS",
      "Version": "7.3-65",
      "Source": "Repository",
      "Priority": "recommended",
      "Date": "2025-02-19",
      "Revision": "$Rev: 3681 $",
      "Depends": [
        "R (>= 4.4.0)",
        "grDevices",
        "graphics",
        "stats",
        "utils"
      ],
      "Imports": [
        "methods"
      ],
      "Suggests": [
        "lattice",
        "nlme",
        "nnet",
        "survival"
      ],
      "Authors@R": "c(person(\"Brian\", \"Ripley\", role = c(\"aut\", \"cre\", \"cph\"), email = \"Brian.Ripley@R-project.org\"), person(\"Bill\", \"Venables\", role = c(\"aut\", \"cph\")), person(c(\"Douglas\", \"M.\"), \"Bates\", role = \"ctb\"), person(\"Kurt\", \"Hornik\", role = \"trl\", comment = \"partial port ca 1998\"), person(\"Albrecht\", \"Gebhardt\", role = \"trl\", comment = \"partial port ca 1998\"), person(\"David\", \"Firth\", role = \"ctb\", comment = \"support functions for polr\"))",
      "Description": "Functions and datasets to support Venables and Ripley, \"Modern Applied Statistics with S\" (4th edition, 2002).",
      "Title": "Support Functions and Datasets for Venables and Ripley's MASS",
      "LazyData": "yes",
      "ByteCompile": "yes",
      "License": "GPL-2 | GPL-3",
      "URL": "http://www.stats.ox.ac.uk/pub/MASS4/",
      "Contact": "<MASS@stats.ox.ac.uk>",
      "NeedsCompilation": "yes",
      "Author": "Brian Ripley [aut, cre, cph], Bill Venables [aut, cph], Douglas M. Bates [ctb], Kurt Hornik [trl] (partial port ca 1998), Albrecht Gebhardt [trl] (partial port ca 1998), David Firth [ctb] (support functions for polr)",
      "Maintainer": "Brian Ripley <Brian.Ripley@R-project.org>",
      "Repository": "CRAN"
    },
    "lattice": {
      "Package": "lattice",
      "Version": "0.22-7",
      "Source": "Repository",
      "Date": "2025-03-31",
      "Priority": "recommended",
      "Title": "Trellis Graphics for R",
      "Authors@R": "c(person(\"Deepayan\", \"Sarkar\", role = c(\"aut\", \"cre\"), email = \"deepayan.sarkar@r-project.org\", comment = c(ORCID = \"0000-0003-4107-1553\")), person(\"Felix\", \"Andrews\", role = \"ctb\"), person(\"Kevin\", \"Wright\", role = \"ctb\", comment = \"documentation\"), person(\"Neil\", \"Klepeis\", role = \"ctb\"), person(\"Johan\", \"Larsson\", role = \"ctb\", comment = \"miscellaneous improvements\"), person(\"Zhijian (Jason)\", \"Wen\", role = \"cph\", comment = \"filled contour code\"), person(\"Paul\", \"Murrell\", role = \"ctb\", email = \"paul@stat.auckland.ac.nz\"), person(\"Stefan\", \"Eng\", role = \"ctb\", comment = \"violin plot improvements\"), person(\"Achim\", \"Zeileis\", role = \"ctb\", comment = \"modern colors\"), person(\"Alexandre\", \"Courtiol\", role = \"ctb\", comment = \"generics for larrows, lpolygon, lrect and lsegments\") )",
      "Description": "A powerful and elegant high-level data visualization system inspired by Trellis graphics, with an emphasis on multivariate data. Lattice is sufficient for typical graphics needs, and is also flexible enough to handle most nonstandard requirements. See ?Lattice for an introduction.",
      "Depends": [
        "R (>= 4.0.0)"
      ],
      "Suggests": [
        "KernSmooth",
        "MASS",
        "latticeExtra",
        "colorspace"
      ],
      "Imports": [
        "grid",
        "grDevices",
        "graphics",
        "stats",
        "utils"
      ],
      "Enhances": [
        "chron",
        "zoo"
      ],
      "LazyLoad": "yes",
      "LazyData": "yes",
      "License": "GPL (>= 2)",
      "URL": "https://lattice.r-forge.r-project.org/",
      "BugReports": "https://github.com/deepayan/lattice/issues",
      "NeedsCompilation": "yes",
      "Author": "Deepayan Sarkar [aut, cre] (<https://orcid.org/0000-0003-4107-1553>), Felix Andrews [ctb], Kevin Wright [ctb] (documentation), Neil Klepeis [ctb], Johan Larsson [ctb] (miscellaneous improvements), Zhijian (Jason) Wen [cph] (filled contour code), Paul Murrell [ctb], Stefan Eng [ctb] (violin plot improvements), Achim Zeileis [ctb] (modern colors), Alexandre Courtiol [ctb] (generics for larrows, lpolygon, lrect and lsegments)",
      "Maintainer": "Deepayan Sarkar <deepayan.sarkar@r-project.org>",
      "Repository": "CRAN"
    },
    "lmtest": {
      "Package": "lmtest",
      "Version": "0.9-40",
      "Source": "Repository",
      "Title": "Testing Linear Regression Models",
      "Date": "2022-03-21",
      "Authors@R": "c(person(given = \"Torsten\", family = \"Hothorn\", role = \"aut\", email = \"Torsten.Hothorn@R-project.org\", comment = c(ORCID = \"0000-0001-8301-0471\")), person(given = \"Achim\", family = \"Zeileis\", role = c(\"aut\", \"cre\"), email = \"Achim.Zeileis@R-project.org\", comment = c(ORCID = \"0000-0003-0918-3766\")), person(given = c(\"Richard\", \"W.\"), family = \"Farebrother\", role = \"aut\", comment = \"pan.f\"), person(given = \"Clint\", family = \"Cummins\", role = \"aut\", comment = \"pan.f\"), person(given = \"Giovanni\", family = \"Millo\", role = \"ctb\"), person(given = \"David\", family = \"Mitchell\", role = \"ctb\"))",
      "Description": "A collection of tests, data sets, and examples for diagnostic checking in linear regression models. Furthermore, some generic tools for inference in parametric models are provided.",
      "LazyData": "yes",
      "Depends": [
        "R (>= 3.0.0)",
        "stats",
        "zoo"
      ],
      "Suggests": [
        "car",
        "strucchange",
        "sandwich",
        "dynlm",
        "stats4",
        "survival",
        "AER"
      ],
      "Imports": [
        "graphics"
      ],
      "License": "GPL-2 | GPL-3",
      "NeedsCompilation": "yes",
      "Author": "Torsten Hothorn [aut] (<https://orcid.org/0000-0001-8301-0471>), Achim Zeileis [aut, cre] (<https://orcid.org/0000-0003-0918-3766>), Richard W. Farebrother [aut] (pan.f), Clint Cummins [aut] (pan.f), Giovanni Millo [ctb], David Mitchell [ctb]",
      "Maintainer": "Achim Zeileis <Achim.Zeileis@R-project.org>",
      "Repository": "CRAN"
    },
    "renv": {
      "Package": "renv",
      "Version": "1.1.7",
      "Source": "Repository",
      "Type": "Package",
      "Title": "Project Environments",
      "Authors@R": "c( person(\"Kevin\", \"Ushey\", role = c(\"aut\", \"cre\"), email = \"kevin@rstudio.com\", comment = c(ORCID = \"0000-0003-2880-7407\")), person(\"Hadley\", \"Wickham\", role = c(\"aut\"), email = \"hadley@rstudio.com\", comment = c(ORCID = \"0000-0003-4757-117X\")), person(\"Posit Software, PBC\", role = c(\"cph\", \"fnd\")) )",
      "Description": "A dependency management toolkit for R. Using 'renv', you can create and manage project-local R libraries, save the state of these libraries to a 'lockfile', and later restore your library as required. Together, these tools can help make your projects more isolated, portable, and reproducible.",
      "License": "MIT + file LICENSE",
      "URL": "https://rstudio.github.io/renv/, https://github.com/rstudio/renv",
      "BugReports": "https://github.com/rstudio/renv/issues",
      "Imports": [
        "utils"
      ],
      "Suggests": [
        "BiocManager",
        "cli",
        "compiler",
        "covr",
        "cpp11",
        "curl",
        "devtools",
        "generics",
        "gitcreds",
        "jsonlite",
        "jsonvalidate",
        "knitr",
        "miniUI",
        "modules",
        "packrat",
        "pak",
        "R6",
        "remotes",
        "reticulate",
        "rmarkdown",
        "rstudioapi",
        "shiny",
        "testthat",
        "uuid",
        "waldo",
        "yaml",
        "webfakes"
      ],
      "Encoding": "UTF-8",
      "RoxygenNote": "7.3.3",
      "VignetteBuilder": "knitr",
      "Config/Needs/website": "tidyverse/tidytemplate",
      "Config/testthat/edition": "3",
      "Config/testthat/parallel": "true",
      "Config/testthat/start-first": "bioconductor,python,install,restore,snapshot,retrieve,remotes",
      "NeedsCompilation": "no",
      "Author": "Kevin Ushey [aut, cre] (ORCID: <https://orcid.org/0000-0003-2880-7407>), Hadley Wickham [aut] (ORCID: <https://orcid.org/0000-0003-4757-117X>), Posit Software, PBC [cph, fnd]",
      "Maintainer": "Kevin Ushey <kevin@rstudio.com>",
      "Repository": "CRAN"
    },
    "sandwich": {
      "Package": "sandwich",
      "Version": "3.1-1",
      "Source": "Repository",
      "Date": "2024-09-16",
      "Title": "Robust Covariance Matrix Estimators",
      "Authors@R": "c(person(given = \"Achim\", family = \"Zeileis\", role = c(\"aut\", \"cre\"), email = \"Achim.Zeileis@R-project.org\", comment = c(ORCID = \"0000-0003-0918-3766\")), person(given = \"Thomas\", family = \"Lumley\", role = \"aut\", email = \"t.lumley@auckland.ac.nz\", comment = c(ORCID = \"0000-0003-4255-5437\")), person(given = \"Nathaniel\", family = \"Graham\", role = \"ctb\", email = \"npgraham1@gmail.com\", comment = c(ORCID = \"0009-0002-1215-5256\")), person(given = \"Susanne\", family = \"Koell\", role = \"ctb\"))",
      "Description": "Object-oriented software for model-robust covariance matrix estimators. Starting out from the basic  robust Eicker-Huber-White sandwich covariance methods include: heteroscedasticity-consistent (HC) covariances for cross-section data; heteroscedasticity- and autocorrelation-consistent (HAC) covariances for time series data (such as Andrews' kernel HAC, Newey-West, and WEAVE estimators); clustered covariances (one-way and multi-way); panel and panel-corrected covariances; outer-product-of-gradients covariances; and (clustered) bootstrap covariances. All methods are applicable to (generalized) linear model objects fitted by lm() and glm() but can also be adapted to other classes through S3 methods. Details can be found in Zeileis et al. (2020) <doi:10.18637/jss.v095.i01>, Zeileis (2004) <doi:10.18637/jss.v011.i10> and Zeileis (2006) <doi:10.18637/jss.v016.i09>.",
      "Depends": [
        "R (>= 3.0.0)"
      ],
      "Imports": [
        "stats",
        "utils",
        "zoo"
      ],
      "Suggests": [
        "AER",
        "car",
        "geepack",
        "lattice",
        "lme4",
        "lmtest",
        "MASS",
        "multiwayvcov",
        "parallel",
        "pcse",
        "plm",
        "pscl",
        "scatterplot3d",
        "stats4",
        "strucchange",
        "survival"
      ],
      "License": "GPL-2 | GPL-3",
      "URL": "https://sandwich.R-Forge.R-project.org/",
      "BugReports": "https://sandwich.R-Forge.R-project.org/contact.html",
      "NeedsCompilation": "no",
      "Author": "Achim Zeileis [aut, cre] (<https://orcid.org/0000-0003-0918-3766>), Thomas Lumley [aut] (<https://orcid.org/0000-0003-4255-5437>), Nathaniel Graham [ctb] (<https://orcid.org/0009-0002-1215-5256>), Susanne Koell [ctb]",
      "Maintainer": "Achim Zeileis <Achim.Zeileis@R-project.org>",
      "Repository": "CRAN"
    },
    "zoo": {
      "Package": "zoo",
      "Version": "1.8-15",
      "Source": "Repository",
      "Date": "2025-12-15",
      "Title": "S3 Infrastructure for Regular and Irregular Time Series (Z's Ordered Observations)",
      "Authors@R": "c(person(given = \"Achim\", family = \"Zeileis\", role = c(\"aut\", \"cre\"), email = \"Achim.Zeileis@R-project.org\", comment = c(ORCID = \"0000-0003-0918-3766\")), person(given = \"Gabor\", family = \"Grothendieck\", role = \"aut\", email = \"ggrothendieck@gmail.com\"), person(given = c(\"Jeffrey\", \"A.\"), family = \"Ryan\", role = \"aut\", email = \"jeff.a.ryan@gmail.com\"), person(given = c(\"Joshua\", \"M.\"), family = \"Ulrich\", role = \"ctb\", email = \"josh.m.ulrich@gmail.com\"), person(given = \"Felix\", family = \"Andrews\", role = \"ctb\", email = \"felix@nfrac.org\"))",
      "Description": "An S3 class with methods for totally ordered indexed observations. It is particularly aimed at irregular time series of numeric vectors/matrices and factors. zoo's key design goals are independence of a particular index/date/time class and consistency with ts and base R by providing methods to extend standard generics.",
      "Depends": [
        "R (>= 3.1.0)",
        "stats"
      ],
      "Suggests": [
        "AER",
        "coda",
        "chron",
        "ggplot2 (>= 3.5.0)",
        "mondate",
        "scales",
        "stinepack",
        "strucchange",
        "timeDate",
        "timeSeries",
        "tinyplot",
        "tis",
        "tseries",
        "xts"
      ],
      "Imports": [
        "utils",
        "graphics",
        "grDevices",
        "lattice (>= 0.20-27)"
      ],
      "License": "GPL-2 | GPL-3",
      "URL": "https://zoo.R-Forge.R-project.org/",
      "NeedsCompilation": "yes",
      "Author": "Achim Zeileis [aut, cre] (ORCID: <https://orcid.org/0000-0003-0918-3766>), Gabor Grothendieck [aut], Jeffrey A. Ryan [aut], Joshua M. Ulrich [ctb], Felix Andrews [ctb]",
      "Maintainer": "Achim Zeileis <Achim.Zeileis@R-project.org>",
      "Repository": "CRAN"
    }
  }
}
